
Microsoft Visual Studio Solution File, Format Version 12.00
# Visual Studio Version 17
VisualStudioVersion = 17.14.36203.30 d17.14
MinimumVisualStudioVersion = 10.0.40219.1
Project("{FAE04EC0-301F-11D3-BF4B-00C04F79EFBC}") = "MarioApp2025", "MarioApp2025\MarioApp2025.csproj", "{61DFDA58-5E16-4EAC-B21E-78E42F7B3646}"
EndProject
Global
	GlobalSection(SolutionConfigurationPlatforms) = preSolution
		Debug|Any CPU = Debug|Any CPU
		Release|Any CPU = Release|Any CPU
	EndGlobalSection
	GlobalSection(ProjectConfigurationPlatforms) = postSolution
		{61DFDA58-5E16-4EAC-B21E-78E42F7B3646}.Debug|Any CPU.ActiveCfg = Debug|Any CPU
		{61DFDA58-5E16-4EAC-B21E-78E42F7B3646}.Debug|Any CPU.Build.0 = Debug|Any CPU
		{61DFDA58-5E16-4EAC-B21E-78E42F7B3646}.Release|Any CPU.ActiveCfg = Release|Any CPU
		{61DFDA58-5E16-4EAC-B21E-78E42F7B3646}.Release|Any CPU.Build.0 = Release|Any CPU
	EndGlobalSection
	GlobalSection(SolutionProperties) = preSolution
		HideSolutionNode = FALSE
	EndGlobalSection
	GlobalSection(ExtensibilityGlobals) = postSolution
		SolutionGuid = {3804D5EA-0145-4CAA-98FC-AD972731C3FB}
	EndGlobalSection
EndGlobal
